
Microsoft Visual Studio Solution File, Format Version 12.00
# Visual Studio Version 16
VisualStudioVersion = 16.0.31515.178
MinimumVisualStudioVersion = 10.0.40219.1
Project("{FAE04EC0-301F-11D3-BF4B-00C04F79EFBC}") = "calculator", "calculator.csproj", "{775ABEA7-4E5A-473F-A79F-E4F9A28003B3}"
EndProject
Project("{FAE04EC0-301F-11D3-BF4B-00C04F79EFBC}") = "calculatorTests", "..\calculatorTests\calculatorTests.csproj", "{7364065B-61A5-4D6D-9362-F9FD1239F1D9}"
EndProject
Global
	GlobalSection(SolutionConfigurationPlatforms) = preSolution
		Debug|Any CPU = Debug|Any CPU
		Release|Any CPU = Release|Any CPU
	EndGlobalSection
	GlobalSection(ProjectConfigurationPlatforms) = postSolution
		{775ABEA7-4E5A-473F-A79F-E4F9A28003B3}.Debug|Any CPU.ActiveCfg = Debug|Any CPU
		{775ABEA7-4E5A-473F-A79F-E4F9A28003B3}.Debug|Any CPU.Build.0 = Debug|Any CPU
		{775ABEA7-4E5A-473F-A79F-E4F9A28003B3}.Release|Any CPU.ActiveCfg = Release|Any CPU
		{775ABEA7-4E5A-473F-A79F-E4F9A28003B3}.Release|Any CPU.Build.0 = Release|Any CPU
		{7364065B-61A5-4D6D-9362-F9FD1239F1D9}.Debug|Any CPU.ActiveCfg = Debug|Any CPU
		{7364065B-61A5-4D6D-9362-F9FD1239F1D9}.Debug|Any CPU.Build.0 = Debug|Any CPU
		{7364065B-61A5-4D6D-9362-F9FD1239F1D9}.Release|Any CPU.ActiveCfg = Release|Any CPU
		{7364065B-61A5-4D6D-9362-F9FD1239F1D9}.Release|Any CPU.Build.0 = Release|Any CPU
	EndGlobalSection
	GlobalSection(SolutionProperties) = preSolution
		HideSolutionNode = FALSE
	EndGlobalSection
	GlobalSection(ExtensibilityGlobals) = postSolution
		SolutionGuid = {7A3F2FA7-7324-4741-87A1-D10FBEE4D996}
	EndGlobalSection
EndGlobal
